
Microsoft Visual Studio Solution File, Format Version 12.00
# Visual Studio Version 16
VisualStudioVersion = 16.0.30114.105
MinimumVisualStudioVersion = 10.0.40219.1
Project("{FAE04EC0-301F-11D3-BF4B-00C04F79EFBC}") = "InterfaceAbstractDemo", "InterfaceAbstractDemo\InterfaceAbstractDemo.csproj", "{C33C8117-60D8-47A5-A30E-CC8CE5F02480}"
EndProject
Global
	GlobalSection(SolutionConfigurationPlatforms) = preSolution
		Debug|Any CPU = Debug|Any CPU
		Release|Any CPU = Release|Any CPU
	EndGlobalSection
	GlobalSection(ProjectConfigurationPlatforms) = postSolution
		{C33C8117-60D8-47A5-A30E-CC8CE5F02480}.Debug|Any CPU.ActiveCfg = Debug|Any CPU
		{C33C8117-60D8-47A5-A30E-CC8CE5F02480}.Debug|Any CPU.Build.0 = Debug|Any CPU
		{C33C8117-60D8-47A5-A30E-CC8CE5F02480}.Release|Any CPU.ActiveCfg = Release|Any CPU
		{C33C8117-60D8-47A5-A30E-CC8CE5F02480}.Release|Any CPU.Build.0 = Release|Any CPU
	EndGlobalSection
	GlobalSection(SolutionProperties) = preSolution
		HideSolutionNode = FALSE
	EndGlobalSection
	GlobalSection(ExtensibilityGlobals) = postSolution
		SolutionGuid = {21FD32CB-0223-4AB0-BC95-561F44122029}
	EndGlobalSection
EndGlobal
